// !$*UTF8*$!
{
	archiveVersion = 1;
	classes = {
	};
	objectVersion = 77;
	objects = {

/* Begin PBXContainerItemProxy section */
		D7BFA3092EE9BF4C00647871 /* PBXContainerItemProxy */ = {
			isa = PBXContainerItemProxy;
			containerPortal = D7BFA2F32EE9BF4700647871 /* Project object */;
			proxyType = 1;
			remoteGlobalIDString = D7BFA2FA2EE9BF4700647871;
			remoteInfo = instagram_clone;
		};
		D7BFA3132EE9BF4C00647871 /* PBXContainerItemProxy */ = {
			isa = PBXContainerItemProxy;
			containerPortal = D7BFA2F32EE9BF4700647871 /* Project object */;
			proxyType = 1;
			remoteGlobalIDString = D7BFA2FA2EE9BF4700647871;
			remoteInfo = instagram_clone;
		};
/* End PBXContainerItemProxy section */

/* Begin PBXFileReference section */
		D7BFA2FB2EE9BF4700647871 /* instagram_clone.app */ = {isa = PBXFileReference; explicitFileType = wrapper.application; includeInIndex = 0; path = instagram_clone.app; sourceTree = BUILT_PRODUCTS_DIR; };
		D7BFA3082EE9BF4C00647871 /* instagram_cloneTests.xctest */ = {isa = PBXFileReference; explicitFileType = wrapper.cfbundle; includeInIndex = 0; path = instagram_cloneTests.xctest; sourceTree = BUILT_PRODUCTS_DIR; };
		D7BFA3122EE9BF4C00647871 /* instagram_cloneUITests.xctest */ = {isa = PBXFileReference; explicitFileType = wrapper.cfbundle; includeInIndex = 0; path = instagram_cloneUITests.xctest; sourceTree = BUILT_PRODUCTS_DIR; };
/* End PBXFileReference section */

/* Begin PBXFileSystemSynchronizedRootGroup section */
		D7BFA2FD2EE9BF4700647871 /* instagram_clone */ = {
			isa = PBXFileSystemSynchronizedRootGroup;
			path = instagram_clone;
			sourceTree = "<group>";
		};
		D7BFA30B2EE9BF4C00647871 /* instagram_cloneTests */ = {
			isa = PBXFileSystemSynchronizedRootGroup;
			path = instagram_cloneTests;
			sourceTree = "<group>";
		};
		D7BFA3152EE9BF4C00647871 /* instagram_cloneUITests */ = {
			isa = PBXFileSystemSynchronizedRootGroup;
			path = instagram_cloneUITests;
			sourceTree = "<group>";
		};
/* End PBXFileSystemSynchronizedRootGroup section */

/* Begin PBXFrameworksBuildPhase section */
		D7BFA2F82EE9BF4700647871 /* Frameworks */ = {
			isa = PBXFrameworksBuildPhase;
			buildActionMask = 2147483647;
			files = (
			);
			runOnlyForDeploymentPostprocessing = 0;
		};
		D7BFA3052EE9BF4C00647871 /* Frameworks */ = {
			isa = PBXFrameworksBuildPhase;
			buildActionMask = 2147483647;
			files = (
			);
			runOnlyForDeploymentPostprocessing = 0;
		};
		D7BFA30F2EE9BF4C00647871 /* Frameworks */ = {
			isa = PBXFrameworksBuildPhase;
			buildActionMask = 2147483647;
			files = (
			);
			runOnlyForDeploymentPostprocessing = 0;
		};
/* End PBXFrameworksBuildPhase section */

/* Begin PBXGroup section */
		D7BFA2F22EE9BF4700647871 = {
			isa = PBXGroup;
			children = (
				D7BFA2FD2EE9BF4700647871 /* instagram_clone */,
				D7BFA30B2EE9BF4C00647871 /* instagram_cloneTests */,
				D7BFA3152EE9BF4C00647871 /* instagram_cloneUITests */,
				D7BFA2FC2EE9BF4700647871 /* Products */,
			);
			sourceTree = "<group>";
		};
		D7BFA2FC2EE9BF4700647871 /* Products */ = {
			isa = PBXGroup;
			children = (
				D7BFA2FB2EE9BF4700647871 /* instagram_clone.app */,
				D7BFA3082EE9BF4C00647871 /* instagram_cloneTests.xctest */,
				D7BFA3122EE9BF4C00647871 /* instagram_cloneUITests.xctest */,
			);
			name = Products;
			sourceTree = "<group>";
		};
/* End PBXGroup section */

/* Begin PBXNativeTarget section */
		D7BFA2FA2EE9BF4700647871 /* instagram_clone */ = {
			isa = PBXNativeTarget;
			buildConfigurationList = D7BFA31C2EE9BF4C00647871 /* Build configuration list for PBXNativeTarget "instagram_clone" */;
			buildPhases = (
				D7BFA2F72EE9BF4700647871 /* Sources */,
				D7BFA2F82EE9BF4700647871 /* Frameworks */,
				D7BFA2F92EE9BF4700647871 /* Resources */,
			);
			buildRules = (
			);
			dependencies = (
			);
			fileSystemSynchronizedGroups = (
				D7BFA2FD2EE9BF4700647871 /* instagram_clone */,
			);
			name = instagram_clone;
			packageProductDependencies = (
			);
			productName = instagram_clone;
			productReference = D7BFA2FB2EE9BF4700647871 /* instagram_clone.app */;
			productType = "com.apple.product-type.application";
		};
		D7BFA3072EE9BF4C00647871 /* instagram_cloneTests */ = {
			isa = PBXNativeTarget;
			buildConfigurationList = D7BFA31F2EE9BF4C00647871 /* Build configuration list for PBXNativeTarget "instagram_cloneTests" */;
			buildPhases = (
				D7BFA3042EE9BF4C00647871 /* Sources */,
				D7BFA3052EE9BF4C00647871 /* Frameworks */,
				D7BFA3062EE9BF4C00647871 /* Resources */,
			);
			buildRules = (
			);
			dependencies = (
				D7BFA30A2EE9BF4C00647871 /* PBXTargetDependency */,
			);
			fileSystemSynchronizedGroups = (
				D7BFA30B2EE9BF4C00647871 /* instagram_cloneTests */,
			);
			name = instagram_cloneTests;
			packageProductDependencies = (
			);
			productName = instagram_cloneTests;
			productReference = D7BFA3082EE9BF4C00647871 /* instagram_cloneTests.xctest */;
			productType = "com.apple.product-type.bundle.unit-test";
		};
		D7BFA3112EE9BF4C00647871 /* instagram_cloneUITests */ = {
			isa = PBXNativeTarget;
			buildConfigurationList = D7BFA3222EE9BF4C00647871 /* Build configuration list for PBXNativeTarget "instagram_cloneUITests" */;
			buildPhases = (
				D7BFA30E2EE9BF4C00647871 /* Sources */,
				D7BFA30F2EE9BF4C00647871 /* Frameworks */,
				D7BFA3102EE9BF4C00647871 /* Resources */,
			);
			buildRules = (
			);
			dependencies = (
				D7BFA3142EE9BF4C00647871 /* PBXTargetDependency */,
			);
			fileSystemSynchronizedGroups = (
				D7BFA3152EE9BF4C00647871 /* instagram_cloneUITests */,
			);
			name = instagram_cloneUITests;
			packageProductDependencies = (
			);
			productName = instagram_cloneUITests;
			productReference = D7BFA3122EE9BF4C00647871 /* instagram_cloneUITests.xctest */;
			productType = "com.apple.product-type.bundle.ui-testing";
		};
/* End PBXNativeTarget section */

/* Begin PBXProject section */
		D7BFA2F32EE9BF4700647871 /* Project object */ = {
			isa = PBXProject;
			attributes = {
				BuildIndependentTargetsInParallel = 1;
				LastSwiftUpdateCheck = 1640;
				LastUpgradeCheck = 1640;
				TargetAttributes = {
					D7BFA2FA2EE9BF4700647871 = {
						CreatedOnToolsVersion = 16.4;
					};
					D7BFA3072EE9BF4C00647871 = {
						CreatedOnToolsVersion = 16.4;
						TestTargetID = D7BFA2FA2EE9BF4700647871;
					};
					D7BFA3112EE9BF4C00647871 = {
						CreatedOnToolsVersion = 16.4;
						TestTargetID = D7BFA2FA2EE9BF4700647871;
					};
				};
			};
			buildConfigurationList = D7BFA2F62EE9BF4700647871 /* Build configuration list for PBXProject "instagram_clone" */;
			developmentRegion = en;
			hasScannedForEncodings = 0;
			knownRegions = (
				en,
				Base,
			);
			mainGroup = D7BFA2F22EE9BF4700647871;
			minimizedProjectReferenceProxies = 1;
			preferredProjectObjectVersion = 77;
			productRefGroup = D7BFA2FC2EE9BF4700647871 /* Products */;
			projectDirPath = "";
			projectRoot = "";
			targets = (
				D7BFA2FA2EE9BF4700647871 /* instagram_clone */,
				D7BFA3072EE9BF4C00647871 /* instagram_cloneTests */,
				D7BFA3112EE9BF4C00647871 /* instagram_cloneUITests */,
			);
		};
/* End PBXProject section */

/* Begin PBXResourcesBuildPhase section */
		D7BFA2F92EE9BF4700647871 /* Resources */ = {
			isa = PBXResourcesBuildPhase;
			buildActionMask = 2147483647;
			files = (
			);
			runOnlyForDeploymentPostprocessing = 0;
		};
		D7BFA3062EE9BF4C00647871 /* Resources */ = {
			isa = PBXResourcesBuildPhase;
			buildActionMask = 2147483647;
			files = (
			);
			runOnlyForDeploymentPostprocessing = 0;
		};
		D7BFA3102EE9BF4C00647871 /* Resources */ = {
			isa = PBXResourcesBuildPhase;
			buildActionMask = 2147483647;
			files = (
			);
			runOnlyForDeploymentPostprocessing = 0;
		};
/* End PBXResourcesBuildPhase section */

/* Begin PBXSourcesBuildPhase section */
		D7BFA2F72EE9BF4700647871 /* Sources */ = {
			isa = PBXSourcesBuildPhase;
			buildActionMask = 2147483647;
			files = (
			);
			runOnlyForDeploymentPostprocessing = 0;
		};
		D7BFA3042EE9BF4C00647871 /* Sources */ = {
			isa = PBXSourcesBuildPhase;
			buildActionMask = 2147483647;
			files = (
			);
			runOnlyForDeploymentPostprocessing = 0;
		};
		D7BFA30E2EE9BF4C00647871 /* Sources */ = {
			isa = PBXSourcesBuildPhase;
			buildActionMask = 2147483647;
			files = (
			);
			runOnlyForDeploymentPostprocessing = 0;
		};
/* End PBXSourcesBuildPhase section */

/* Begin PBXTargetDependency section */
		D7BFA30A2EE9BF4C00647871 /* PBXTargetDependency */ = {
			isa = PBXTargetDependency;
			target = D7BFA2FA2EE9BF4700647871 /* instagram_clone */;
			targetProxy = D7BFA3092EE9BF4C00647871 /* PBXContainerItemProxy */;
		};
		D7BFA3142EE9BF4C00647871 /* PBXTargetDependency */ = {
			isa = PBXTargetDependency;
			target = D7BFA2FA2EE9BF4700647871 /* instagram_clone */;
			targetProxy = D7BFA3132EE9BF4C00647871 /* PBXContainerItemProxy */;
		};
/* End PBXTargetDependency section */

/* Begin XCBuildConfiguration section */
		D7BFA31A2EE9BF4C00647871 /* Debug */ = {
			isa = XCBuildConfiguration;
			buildSettings = {
				ALWAYS_SEARCH_USER_PATHS = NO;
				ASSETCATALOG_COMPILER_GENERATE_SWIFT_ASSET_SYMBOL_EXTENSIONS = YES;
				CLANG_ANALYZER_NONNULL = YES;
				CLANG_ANALYZER_NUMBER_OBJECT_CONVERSION = YES_AGGRESSIVE;
				CLANG_CXX_LANGUAGE_STANDARD = "gnu++20";
				CLANG_ENABLE_MODULES = YES;
				CLANG_ENABLE_OBJC_ARC = YES;
				CLANG_ENABLE_OBJC_WEAK = YES;
				CLANG_WARN_BLOCK_CAPTURE_AUTORELEASING = YES;
				CLANG_WARN_BOOL_CONVERSION = YES;
				CLANG_WARN_COMMA = YES;
				CLANG_WARN_CONSTANT_CONVERSION = YES;
				CLANG_WARN_DEPRECATED_OBJC_IMPLEMENTATIONS = YES;
				CLANG_WARN_DIRECT_OBJC_ISA_USAGE = YES_ERROR;
				CLANG_WARN_DOCUMENTATION_COMMENTS = YES;
				CLANG_WARN_EMPTY_BODY = YES;
				CLANG_WARN_ENUM_CONVERSION = YES;
				CLANG_WARN_INFINITE_RECURSION = YES;
				CLANG_WARN_INT_CONVERSION = YES;
				CLANG_WARN_NON_LITERAL_NULL_CONVERSION = YES;
				CLANG_WARN_OBJC_IMPLICIT_RETAIN_SELF = YES;
				CLANG_WARN_OBJC_LITERAL_CONVERSION = YES;
				CLANG_WARN_OBJC_ROOT_CLASS = YES_ERROR;
				CLANG_WARN_QUOTED_INCLUDE_IN_FRAMEWORK_HEADER = YES;
				CLANG_WARN_RANGE_LOOP_ANALYSIS = YES;
				CLANG_WARN_STRICT_PROTOTYPES = YES;
				CLANG_WARN_SUSPICIOUS_MOVE = YES;
				CLANG_WARN_UNGUARDED_AVAILABILITY = YES_AGGRESSIVE;
				CLANG_WARN_UNREACHABLE_CODE = YES;
				CLANG_WARN__DUPLICATE_METHOD_MATCH = YES;
				COPY_PHASE_STRIP = NO;
				DEBUG_INFORMATION_FORMAT = dwarf;
				ENABLE_STRICT_OBJC_MSGSEND = YES;
				ENABLE_TESTABILITY = YES;
				ENABLE_USER_SCRIPT_SANDBOXING = YES;
				GCC_C_LANGUAGE_STANDARD = gnu17;
				GCC_DYNAMIC_NO_PIC = NO;
				GCC_NO_COMMON_BLOCKS = YES;
				GCC_OPTIMIZATION_LEVEL = 0;
				GCC_PREPROCESSOR_DEFINITIONS = (
					"DEBUG=1",
					"$(inherited)",
				);
				GCC_WARN_64_TO_32_BIT_CONVERSION = YES;
				GCC_WARN_ABOUT_RETURN_TYPE = YES_ERROR;
				GCC_WARN_UNDECLARED_SELECTOR = YES;
				GCC_WARN_UNINITIALIZED_AUTOS = YES_AGGRESSIVE;
				GCC_WARN_UNUSED_FUNCTION = YES;
				GCC_WARN_UNUSED_VARIABLE = YES;
				IPHONEOS_DEPLOYMENT_TARGET = 18.5;
				LOCALIZATION_PREFERS_STRING_CATALOGS = YES;
				MTL_ENABLE_DEBUG_INFO = INCLUDE_SOURCE;
				MTL_FAST_MATH = YES;
				ONLY_ACTIVE_ARCH = YES;
				SDKROOT = iphoneos;
				SWIFT_ACTIVE_COMPILATION_CONDITIONS = "DEBUG $(inherited)";
				SWIFT_OPTIMIZATION_LEVEL = "-Onone";
			};
			name = Debug;
		};
		D7BFA31B2EE9BF4C00647871 /* Release */ = {
			isa = XCBuildConfiguration;
			buildSettings = {
				ALWAYS_SEARCH_USER_PATHS = NO;
				ASSETCATALOG_COMPILER_GENERATE_SWIFT_ASSET_SYMBOL_EXTENSIONS = YES;
				CLANG_ANALYZER_NONNULL = YES;
				CLANG_ANALYZER_NUMBER_OBJECT_CONVERSION = YES_AGGRESSIVE;
				CLANG_CXX_LANGUAGE_STANDARD = "gnu++20";
				CLANG_ENABLE_MODULES = YES;
				CLANG_ENABLE_OBJC_ARC = YES;
				CLANG_ENABLE_OBJC_WEAK = YES;
				CLANG_WARN_BLOCK_CAPTURE_AUTORELEASING = YES;
				CLANG_WARN_BOOL_CONVERSION = YES;
				CLANG_WARN_COMMA = YES;
				CLANG_WARN_CONSTANT_CONVERSION = YES;
				CLANG_WARN_DEPRECATED_OBJC_IMPLEMENTATIONS = YES;
				CLANG_WARN_DIRECT_OBJC_ISA_USAGE = YES_ERROR;
				CLANG_WARN_DOCUMENTATION_COMMENTS = YES;
				CLANG_WARN_EMPTY_BODY = YES;
				CLANG_WARN_ENUM_CONVERSION = YES;
				CLANG_WARN_INFINITE_RECURSION = YES;
				CLANG_WARN_INT_CONVERSION = YES;
				CLANG_WARN_NON_LITERAL_NULL_CONVERSION = YES;
				CLANG_WARN_OBJC_IMPLICIT_RETAIN_SELF = YES;
				CLANG_WARN_OBJC_LITERAL_CONVERSION = YES;
				CLANG_WARN_OBJC_ROOT_CLASS = YES_ERROR;
				CLANG_WARN_QUOTED_INCLUDE_IN_FRAMEWORK_HEADER = YES;
				CLANG_WARN_RANGE_LOOP_ANALYSIS = YES;
				CLANG_WARN_STRICT_PROTOTYPES = YES;
				CLANG_WARN_SUSPICIOUS_MOVE = YES;
				CLANG_WARN_UNGUARDED_AVAILABILITY = YES_AGGRESSIVE;
				CLANG_WARN_UNREACHABLE_CODE = YES;
				CLANG_WARN__DUPLICATE_METHOD_MATCH = YES;
				COPY_PHASE_STRIP = NO;
				DEBUG_INFORMATION_FORMAT = "dwarf-with-dsym";
				ENABLE_NS_ASSERTIONS = NO;
				ENABLE_STRICT_OBJC_MSGSEND = YES;
				ENABLE_USER_SCRIPT_SANDBOXING = YES;
				GCC_C_LANGUAGE_STANDARD = gnu17;
				GCC_NO_COMMON_BLOCKS = YES;
				GCC_WARN_64_TO_32_BIT_CONVERSION = YES;
				GCC_WARN_ABOUT_RETURN_TYPE = YES_ERROR;
				GCC_WARN_UNDECLARED_SELECTOR = YES;
				GCC_WARN_UNINITIALIZED_AUTOS = YES_AGGRESSIVE;
				GCC_WARN_UNUSED_FUNCTION = YES;
				GCC_WARN_UNUSED_VARIABLE = YES;
				IPHONEOS_DEPLOYMENT_TARGET = 18.5;
				LOCALIZATION_PREFERS_STRING_CATALOGS = YES;
				MTL_ENABLE_DEBUG_INFO = NO;
				MTL_FAST_MATH = YES;
				SDKROOT = iphoneos;
				SWIFT_COMPILATION_MODE = wholemodule;
				VALIDATE_PRODUCT = YES;
			};
			name = Release;
		};
		D7BFA31D2EE9BF4C00647871 /* Debug */ = {
			isa = XCBuildConfiguration;
			buildSettings = {
				ASSETCATALOG_COMPILER_APPICON_NAME = AppIcon;
				ASSETCATALOG_COMPILER_GLOBAL_ACCENT_COLOR_NAME = AccentColor;
				CODE_SIGN_STYLE = Automatic;
				CURRENT_PROJECT_VERSION = 1;
				ENABLE_PREVIEWS = YES;
				GENERATE_INFOPLIST_FILE = YES;
				INFOPLIST_KEY_UIApplicationSceneManifest_Generation = YES;
				INFOPLIST_KEY_UIApplicationSupportsIndirectInputEvents = YES;
				INFOPLIST_KEY_UILaunchScreen_Generation = YES;
				INFOPLIST_KEY_UISupportedInterfaceOrientations_iPad = "UIInterfaceOrientationPortrait UIInterfaceOrientationPortraitUpsideDown UIInterfaceOrientationLandscapeLeft UIInterfaceOrientationLandscapeRight";
				INFOPLIST_KEY_UISupportedInterfaceOrientations_iPhone = "UIInterfaceOrientationPortrait UIInterfaceOrientationLandscapeLeft UIInterfaceOrientationLandscapeRight";
				LD_RUNPATH_SEARCH_PATHS = (
					"$(inherited)",
					"@executable_path/Frameworks",
				);
				MARKETING_VERSION = 1.0;
				PRODUCT_BUNDLE_IDENTIFIER = "com.example.instagram-clone";
				PRODUCT_NAME = "$(TARGET_NAME)";
				SWIFT_EMIT_LOC_STRINGS = YES;
				SWIFT_VERSION = 5.0;
				TARGETED_DEVICE_FAMILY = "1,2";
			};
			name = Debug;
		};
		D7BFA31E2EE9BF4C00647871 /* Release */ = {
			isa = XCBuildConfiguration;
			buildSettings = {
				ASSETCATALOG_COMPILER_APPICON_NAME = AppIcon;
				ASSETCATALOG_COMPILER_GLOBAL_ACCENT_COLOR_NAME = AccentColor;
				CODE_SIGN_STYLE = Automatic;
				CURRENT_PROJECT_VERSION = 1;
				ENABLE_PREVIEWS = YES;
				GENERATE_INFOPLIST_FILE = YES;
				INFOPLIST_KEY_UIApplicationSceneManifest_Generation = YES;
				INFOPLIST_KEY_UIApplicationSupportsIndirectInputEvents = YES;
				INFOPLIST_KEY_UILaunchScreen_Generation = YES;
				INFOPLIST_KEY_UISupportedInterfaceOrientations_iPad = "UIInterfaceOrientationPortrait UIInterfaceOrientationPortraitUpsideDown UIInterfaceOrientationLandscapeLeft UIInterfaceOrientationLandscapeRight";
				INFOPLIST_KEY_UISupportedInterfaceOrientations_iPhone = "UIInterfaceOrientationPortrait UIInterfaceOrientationLandscapeLeft UIInterfaceOrientationLandscapeRight";
				LD_RUNPATH_SEARCH_PATHS = (
					"$(inherited)",
					"@executable_path/Frameworks",
				);
				MARKETING_VERSION = 1.0;
				PRODUCT_BUNDLE_IDENTIFIER = "com.example.instagram-clone";
				PRODUCT_NAME = "$(TARGET_NAME)";
				SWIFT_EMIT_LOC_STRINGS = YES;
				SWIFT_VERSION = 5.0;
				TARGETED_DEVICE_FAMILY = "1,2";
			};
			name = Release;
		};
		D7BFA3202EE9BF4C00647871 /* Debug */ = {
			isa = XCBuildConfiguration;
			buildSettings = {
				BUNDLE_LOADER = "$(TEST_HOST)";
				CODE_SIGN_STYLE = Automatic;
				CURRENT_PROJECT_VERSION = 1;
				GENERATE_INFOPLIST_FILE = YES;
				IPHONEOS_DEPLOYMENT_TARGET = 18.5;
				MARKETING_VERSION = 1.0;
				PRODUCT_BUNDLE_IDENTIFIER = "com.example.instagram-cloneTests";
				PRODUCT_NAME = "$(TARGET_NAME)";
				SWIFT_EMIT_LOC_STRINGS = NO;
				SWIFT_VERSION = 5.0;
				TARGETED_DEVICE_FAMILY = "1,2";
				TEST_HOST = "$(BUILT_PRODUCTS_DIR)/instagram_clone.app/$(BUNDLE_EXECUTABLE_FOLDER_PATH)/instagram_clone";
			};
			name = Debug;
		};
		D7BFA3212EE9BF4C00647871 /* Release */ = {
			isa = XCBuildConfiguration;
			buildSettings = {
				BUNDLE_LOADER = "$(TEST_HOST)";
				CODE_SIGN_STYLE = Automatic;
				CURRENT_PROJECT_VERSION = 1;
				GENERATE_INFOPLIST_FILE = YES;
				IPHONEOS_DEPLOYMENT_TARGET = 18.5;
				MARKETING_VERSION = 1.0;
				PRODUCT_BUNDLE_IDENTIFIER = "com.example.instagram-cloneTests";
				PRODUCT_NAME = "$(TARGET_NAME)";
				SWIFT_EMIT_LOC_STRINGS = NO;
				SWIFT_VERSION = 5.0;
				TARGETED_DEVICE_FAMILY = "1,2";
				TEST_HOST = "$(BUILT_PRODUCTS_DIR)/instagram_clone.app/$(BUNDLE_EXECUTABLE_FOLDER_PATH)/instagram_clone";
			};
			name = Release;
		};
		D7BFA3232EE9BF4C00647871 /* Debug */ = {
			isa = XCBuildConfiguration;
			buildSettings = {
				CODE_SIGN_STYLE = Automatic;
				CURRENT_PROJECT_VERSION = 1;
				GENERATE_INFOPLIST_FILE = YES;
				MARKETING_VERSION = 1.0;
				PRODUCT_BUNDLE_IDENTIFIER = "com.example.instagram-cloneUITests";
				PRODUCT_NAME = "$(TARGET_NAME)";
				SWIFT_EMIT_LOC_STRINGS = NO;
				SWIFT_VERSION = 5.0;
				TARGETED_DEVICE_FAMILY = "1,2";
				TEST_TARGET_NAME = instagram_clone;
			};
			name = Debug;
		};
		D7BFA3242EE9BF4C00647871 /* Release */ = {
			isa = XCBuildConfiguration;
			buildSettings = {
				CODE_SIGN_STYLE = Automatic;
				CURRENT_PROJECT_VERSION = 1;
				GENERATE_INFOPLIST_FILE = YES;
				MARKETING_VERSION = 1.0;
				PRODUCT_BUNDLE_IDENTIFIER = "com.example.instagram-cloneUITests";
				PRODUCT_NAME = "$(TARGET_NAME)";
				SWIFT_EMIT_LOC_STRINGS = NO;
				SWIFT_VERSION = 5.0;
				TARGETED_DEVICE_FAMILY = "1,2";
				TEST_TARGET_NAME = instagram_clone;
			};
			name = Release;
		};
/* End XCBuildConfiguration section */

/* Begin XCConfigurationList section */
		D7BFA2F62EE9BF4700647871 /* Build configuration list for PBXProject "instagram_clone" */ = {
			isa = XCConfigurationList;
			buildConfigurations = (
				D7BFA31A2EE9BF4C00647871 /* Debug */,
				D7BFA31B2EE9BF4C00647871 /* Release */,
			);
			defaultConfigurationIsVisible = 0;
			defaultConfigurationName = Release;
		};
		D7BFA31C2EE9BF4C00647871 /* Build configuration list for PBXNativeTarget "instagram_clone" */ = {
			isa = XCConfigurationList;
			buildConfigurations = (
				D7BFA31D2EE9BF4C00647871 /* Debug */,
				D7BFA31E2EE9BF4C00647871 /* Release */,
			);
			defaultConfigurationIsVisible = 0;
			defaultConfigurationName = Release;
		};
		D7BFA31F2EE9BF4C00647871 /* Build configuration list for PBXNativeTarget "instagram_cloneTests" */ = {
			isa = XCConfigurationList;
			buildConfigurations = (
				D7BFA3202EE9BF4C00647871 /* Debug */,
				D7BFA3212EE9BF4C00647871 /* Release */,
			);
			defaultConfigurationIsVisible = 0;
			defaultConfigurationName = Release;
		};
		D7BFA3222EE9BF4C00647871 /* Build configuration list for PBXNativeTarget "instagram_cloneUITests" */ = {
			isa = XCConfigurationList;
			buildConfigurations = (
				D7BFA3232EE9BF4C00647871 /* Debug */,
				D7BFA3242EE9BF4C00647871 /* Release */,
			);
			defaultConfigurationIsVisible = 0;
			defaultConfigurationName = Release;
		};
/* End XCConfigurationList section */
	};
	rootObject = D7BFA2F32EE9BF4700647871 /* Project object */;
}
